// !$*UTF8*$!
{
	archiveVersion = 1;
	classes = {
	};
	objectVersion = 56;
	objects = {

/* Begin PBXBuildFile section */
		8860008E29E085720013FC8B /* GJ_ImageLoaderApp.swift in Sources */ = {isa = PBXBuildFile; fileRef = 8860008D29E085720013FC8B /* GJ_ImageLoaderApp.swift */; };
		8860009029E085720013FC8B /* ContentView.swift in Sources */ = {isa = PBXBuildFile; fileRef = 8860008F29E085720013FC8B /* ContentView.swift */; };
		8860009229E085730013FC8B /* Assets.xcassets in Resources */ = {isa = PBXBuildFile; fileRef = 8860009129E085730013FC8B /* Assets.xcassets */; };
		8860009629E085730013FC8B /* Preview Assets.xcassets in Resources */ = {isa = PBXBuildFile; fileRef = 8860009529E085730013FC8B /* Preview Assets.xcassets */; };
		886000A029E085730013FC8B /* GJ_ImageLoaderTests.swift in Sources */ = {isa = PBXBuildFile; fileRef = 8860009F29E085730013FC8B /* GJ_ImageLoaderTests.swift */; };
		886000AA29E085730013FC8B /* GJ_ImageLoaderUITests.swift in Sources */ = {isa = PBXBuildFile; fileRef = 886000A929E085730013FC8B /* GJ_ImageLoaderUITests.swift */; };
		886000AC29E085730013FC8B /* GJ_ImageLoaderUITestsLaunchTests.swift in Sources */ = {isa = PBXBuildFile; fileRef = 886000AB29E085730013FC8B /* GJ_ImageLoaderUITestsLaunchTests.swift */; };
		886000B929E085990013FC8B /* ImageLoader.swift in Sources */ = {isa = PBXBuildFile; fileRef = 886000B829E085990013FC8B /* ImageLoader.swift */; };
		886000BB29E085B20013FC8B /* DirectoryMonitor.swift in Sources */ = {isa = PBXBuildFile; fileRef = 886000BA29E085B20013FC8B /* DirectoryMonitor.swift */; };
		886000BD29E0876E0013FC8B /* FolderPicker.swift in Sources */ = {isa = PBXBuildFile; fileRef = 886000BC29E0876E0013FC8B /* FolderPicker.swift */; };
		88E80E3029E0981B006941B5 /* ModelView.swift in Sources */ = {isa = PBXBuildFile; fileRef = 88E80E2F29E0981B006941B5 /* ModelView.swift */; };
/* End PBXBuildFile section */

/* Begin PBXContainerItemProxy section */
		8860009C29E085730013FC8B /* PBXContainerItemProxy */ = {
			isa = PBXContainerItemProxy;
			containerPortal = 8860008229E085720013FC8B /* Project object */;
			proxyType = 1;
			remoteGlobalIDString = 8860008929E085720013FC8B;
			remoteInfo = GJ_ImageLoader;
		};
		886000A629E085730013FC8B /* PBXContainerItemProxy */ = {
			isa = PBXContainerItemProxy;
			containerPortal = 8860008229E085720013FC8B /* Project object */;
			proxyType = 1;
			remoteGlobalIDString = 8860008929E085720013FC8B;
			remoteInfo = GJ_ImageLoader;
		};
/* End PBXContainerItemProxy section */

/* Begin PBXFileReference section */
		8860008A29E085720013FC8B /* GJ_ImageLoader.app */ = {isa = PBXFileReference; explicitFileType = wrapper.application; includeInIndex = 0; path = GJ_ImageLoader.app; sourceTree = BUILT_PRODUCTS_DIR; };
		8860008D29E085720013FC8B /* GJ_ImageLoaderApp.swift */ = {isa = PBXFileReference; lastKnownFileType = sourcecode.swift; path = GJ_ImageLoaderApp.swift; sourceTree = "<group>"; };
		8860008F29E085720013FC8B /* ContentView.swift */ = {isa = PBXFileReference; lastKnownFileType = sourcecode.swift; path = ContentView.swift; sourceTree = "<group>"; };
		8860009129E085730013FC8B /* Assets.xcassets */ = {isa = PBXFileReference; lastKnownFileType = folder.assetcatalog; path = Assets.xcassets; sourceTree = "<group>"; };
		8860009329E085730013FC8B /* GJ_ImageLoader.entitlements */ = {isa = PBXFileReference; lastKnownFileType = text.plist.entitlements; path = GJ_ImageLoader.entitlements; sourceTree = "<group>"; };
		8860009529E085730013FC8B /* Preview Assets.xcassets */ = {isa = PBXFileReference; lastKnownFileType = folder.assetcatalog; path = "Preview Assets.xcassets"; sourceTree = "<group>"; };
		8860009B29E085730013FC8B /* GJ_ImageLoaderTests.xctest */ = {isa = PBXFileReference; explicitFileType = wrapper.cfbundle; includeInIndex = 0; path = GJ_ImageLoaderTests.xctest; sourceTree = BUILT_PRODUCTS_DIR; };
		8860009F29E085730013FC8B /* GJ_ImageLoaderTests.swift */ = {isa = PBXFileReference; lastKnownFileType = sourcecode.swift; path = GJ_ImageLoaderTests.swift; sourceTree = "<group>"; };
		886000A529E085730013FC8B /* GJ_ImageLoaderUITests.xctest */ = {isa = PBXFileReference; explicitFileType = wrapper.cfbundle; includeInIndex = 0; path = GJ_ImageLoaderUITests.xctest; sourceTree = BUILT_PRODUCTS_DIR; };
		886000A929E085730013FC8B /* GJ_ImageLoaderUITests.swift */ = {isa = PBXFileReference; lastKnownFileType = sourcecode.swift; path = GJ_ImageLoaderUITests.swift; sourceTree = "<group>"; };
		886000AB29E085730013FC8B /* GJ_ImageLoaderUITestsLaunchTests.swift */ = {isa = PBXFileReference; lastKnownFileType = sourcecode.swift; path = GJ_ImageLoaderUITestsLaunchTests.swift; sourceTree = "<group>"; };
		886000B829E085990013FC8B /* ImageLoader.swift */ = {isa = PBXFileReference; lastKnownFileType = sourcecode.swift; path = ImageLoader.swift; sourceTree = "<group>"; };
		886000BA29E085B20013FC8B /* DirectoryMonitor.swift */ = {isa = PBXFileReference; lastKnownFileType = sourcecode.swift; path = DirectoryMonitor.swift; sourceTree = "<group>"; };
		886000BC29E0876E0013FC8B /* FolderPicker.swift */ = {isa = PBXFileReference; lastKnownFileType = sourcecode.swift; path = FolderPicker.swift; sourceTree = "<group>"; };
		886000BE29E0890D0013FC8B /* GJ-ImageLoader-Info.plist */ = {isa = PBXFileReference; lastKnownFileType = text.plist; path = "GJ-ImageLoader-Info.plist"; sourceTree = SOURCE_ROOT; };
		88E80E2F29E0981B006941B5 /* ModelView.swift */ = {isa = PBXFileReference; lastKnownFileType = sourcecode.swift; path = ModelView.swift; sourceTree = "<group>"; };
/* End PBXFileReference section */

/* Begin PBXFrameworksBuildPhase section */
		8860008729E085720013FC8B /* Frameworks */ = {
			isa = PBXFrameworksBuildPhase;
			buildActionMask = 2147483647;
			files = (
			);
			runOnlyForDeploymentPostprocessing = 0;
		};
		8860009829E085730013FC8B /* Frameworks */ = {
			isa = PBXFrameworksBuildPhase;
			buildActionMask = 2147483647;
			files = (
			);
			runOnlyForDeploymentPostprocessing = 0;
		};
		886000A229E085730013FC8B /* Frameworks */ = {
			isa = PBXFrameworksBuildPhase;
			buildActionMask = 2147483647;
			files = (
			);
			runOnlyForDeploymentPostprocessing = 0;
		};
/* End PBXFrameworksBuildPhase section */

/* Begin PBXGroup section */
		8860008129E085720013FC8B = {
			isa = PBXGroup;
			children = (
				8860008C29E085720013FC8B /* GJ_ImageLoader */,
				8860009E29E085730013FC8B /* GJ_ImageLoaderTests */,
				886000A829E085730013FC8B /* GJ_ImageLoaderUITests */,
				8860008B29E085720013FC8B /* Products */,
			);
			sourceTree = "<group>";
		};
		8860008B29E085720013FC8B /* Products */ = {
			isa = PBXGroup;
			children = (
				8860008A29E085720013FC8B /* GJ_ImageLoader.app */,
				8860009B29E085730013FC8B /* GJ_ImageLoaderTests.xctest */,
				886000A529E085730013FC8B /* GJ_ImageLoaderUITests.xctest */,
			);
			name = Products;
			sourceTree = "<group>";
		};
		8860008C29E085720013FC8B /* GJ_ImageLoader */ = {
			isa = PBXGroup;
			children = (
				886000BE29E0890D0013FC8B /* GJ-ImageLoader-Info.plist */,
				886000BC29E0876E0013FC8B /* FolderPicker.swift */,
				8860008D29E085720013FC8B /* GJ_ImageLoaderApp.swift */,
				8860008F29E085720013FC8B /* ContentView.swift */,
				88E80E2F29E0981B006941B5 /* ModelView.swift */,
				886000B829E085990013FC8B /* ImageLoader.swift */,
				886000BA29E085B20013FC8B /* DirectoryMonitor.swift */,
				8860009129E085730013FC8B /* Assets.xcassets */,
				8860009329E085730013FC8B /* GJ_ImageLoader.entitlements */,
				8860009429E085730013FC8B /* Preview Content */,
			);
			path = GJ_ImageLoader;
			sourceTree = "<group>";
		};
		8860009429E085730013FC8B /* Preview Content */ = {
			isa = PBXGroup;
			children = (
				8860009529E085730013FC8B /* Preview Assets.xcassets */,
			);
			path = "Preview Content";
			sourceTree = "<group>";
		};
		8860009E29E085730013FC8B /* GJ_ImageLoaderTests */ = {
			isa = PBXGroup;
			children = (
				8860009F29E085730013FC8B /* GJ_ImageLoaderTests.swift */,
			);
			path = GJ_ImageLoaderTests;
			sourceTree = "<group>";
		};
		886000A829E085730013FC8B /* GJ_ImageLoaderUITests */ = {
			isa = PBXGroup;
			children = (
				886000A929E085730013FC8B /* GJ_ImageLoaderUITests.swift */,
				886000AB29E085730013FC8B /* GJ_ImageLoaderUITestsLaunchTests.swift */,
			);
			path = GJ_ImageLoaderUITests;
			sourceTree = "<group>";
		};
/* End PBXGroup section */

/* Begin PBXNativeTarget section */
		8860008929E085720013FC8B /* GJ_ImageLoader */ = {
			isa = PBXNativeTarget;
			buildConfigurationList = 886000AF29E085730013FC8B /* Build configuration list for PBXNativeTarget "GJ_ImageLoader" */;
			buildPhases = (
				8860008629E085720013FC8B /* Sources */,
				8860008729E085720013FC8B /* Frameworks */,
				8860008829E085720013FC8B /* Resources */,
			);
			buildRules = (
			);
			dependencies = (
			);
			name = GJ_ImageLoader;
			productName = GJ_ImageLoader;
			productReference = 8860008A29E085720013FC8B /* GJ_ImageLoader.app */;
			productType = "com.apple.product-type.application";
		};
		8860009A29E085730013FC8B /* GJ_ImageLoaderTests */ = {
			isa = PBXNativeTarget;
			buildConfigurationList = 886000B229E085730013FC8B /* Build configuration list for PBXNativeTarget "GJ_ImageLoaderTests" */;
			buildPhases = (
				8860009729E085730013FC8B /* Sources */,
				8860009829E085730013FC8B /* Frameworks */,
				8860009929E085730013FC8B /* Resources */,
			);
			buildRules = (
			);
			dependencies = (
				8860009D29E085730013FC8B /* PBXTargetDependency */,
			);
			name = GJ_ImageLoaderTests;
			productName = GJ_ImageLoaderTests;
			productReference = 8860009B29E085730013FC8B /* GJ_ImageLoaderTests.xctest */;
			productType = "com.apple.product-type.bundle.unit-test";
		};
		886000A429E085730013FC8B /* GJ_ImageLoaderUITests */ = {
			isa = PBXNativeTarget;
			buildConfigurationList = 886000B529E085730013FC8B /* Build configuration list for PBXNativeTarget "GJ_ImageLoaderUITests" */;
			buildPhases = (
				886000A129E085730013FC8B /* Sources */,
				886000A229E085730013FC8B /* Frameworks */,
				886000A329E085730013FC8B /* Resources */,
			);
			buildRules = (
			);
			dependencies = (
				886000A729E085730013FC8B /* PBXTargetDependency */,
			);
			name = GJ_ImageLoaderUITests;
			productName = GJ_ImageLoaderUITests;
			productReference = 886000A529E085730013FC8B /* GJ_ImageLoaderUITests.xctest */;
			productType = "com.apple.product-type.bundle.ui-testing";
		};
/* End PBXNativeTarget section */

/* Begin PBXProject section */
		8860008229E085720013FC8B /* Project object */ = {
			isa = PBXProject;
			attributes = {
				BuildIndependentTargetsInParallel = 1;
				LastSwiftUpdateCheck = 1430;
				LastUpgradeCheck = 1430;
				TargetAttributes = {
					8860008929E085720013FC8B = {
						CreatedOnToolsVersion = 14.3;
					};
					8860009A29E085730013FC8B = {
						CreatedOnToolsVersion = 14.3;
						TestTargetID = 8860008929E085720013FC8B;
					};
					886000A429E085730013FC8B = {
						CreatedOnToolsVersion = 14.3;
						TestTargetID = 8860008929E085720013FC8B;
					};
				};
			};
			buildConfigurationList = 8860008529E085720013FC8B /* Build configuration list for PBXProject "GJ_ImageLoader" */;
			compatibilityVersion = "Xcode 14.0";
			developmentRegion = en;
			hasScannedForEncodings = 0;
			knownRegions = (
				en,
				Base,
			);
			mainGroup = 8860008129E085720013FC8B;
			productRefGroup = 8860008B29E085720013FC8B /* Products */;
			projectDirPath = "";
			projectRoot = "";
			targets = (
				8860008929E085720013FC8B /* GJ_ImageLoader */,
				8860009A29E085730013FC8B /* GJ_ImageLoaderTests */,
				886000A429E085730013FC8B /* GJ_ImageLoaderUITests */,
			);
		};
/* End PBXProject section */

/* Begin PBXResourcesBuildPhase section */
		8860008829E085720013FC8B /* Resources */ = {
			isa = PBXResourcesBuildPhase;
			buildActionMask = 2147483647;
			files = (
				8860009629E085730013FC8B /* Preview Assets.xcassets in Resources */,
				8860009229E085730013FC8B /* Assets.xcassets in Resources */,
			);
			runOnlyForDeploymentPostprocessing = 0;
		};
		8860009929E085730013FC8B /* Resources */ = {
			isa = PBXResourcesBuildPhase;
			buildActionMask = 2147483647;
			files = (
			);
			runOnlyForDeploymentPostprocessing = 0;
		};
		886000A329E085730013FC8B /* Resources */ = {
			isa = PBXResourcesBuildPhase;
			buildActionMask = 2147483647;
			files = (
			);
			runOnlyForDeploymentPostprocessing = 0;
		};
/* End PBXResourcesBuildPhase section */

/* Begin PBXSourcesBuildPhase section */
		8860008629E085720013FC8B /* Sources */ = {
			isa = PBXSourcesBuildPhase;
			buildActionMask = 2147483647;
			files = (
				88E80E3029E0981B006941B5 /* ModelView.swift in Sources */,
				886000BD29E0876E0013FC8B /* FolderPicker.swift in Sources */,
				8860009029E085720013FC8B /* ContentView.swift in Sources */,
				8860008E29E085720013FC8B /* GJ_ImageLoaderApp.swift in Sources */,
				886000BB29E085B20013FC8B /* DirectoryMonitor.swift in Sources */,
				886000B929E085990013FC8B /* ImageLoader.swift in Sources */,
			);
			runOnlyForDeploymentPostprocessing = 0;
		};
		8860009729E085730013FC8B /* Sources */ = {
			isa = PBXSourcesBuildPhase;
			buildActionMask = 2147483647;
			files = (
				886000A029E085730013FC8B /* GJ_ImageLoaderTests.swift in Sources */,
			);
			runOnlyForDeploymentPostprocessing = 0;
		};
		886000A129E085730013FC8B /* Sources */ = {
			isa = PBXSourcesBuildPhase;
			buildActionMask = 2147483647;
			files = (
				886000AC29E085730013FC8B /* GJ_ImageLoaderUITestsLaunchTests.swift in Sources */,
				886000AA29E085730013FC8B /* GJ_ImageLoaderUITests.swift in Sources */,
			);
			runOnlyForDeploymentPostprocessing = 0;
		};
/* End PBXSourcesBuildPhase section */

/* Begin PBXTargetDependency section */
		8860009D29E085730013FC8B /* PBXTargetDependency */ = {
			isa = PBXTargetDependency;
			target = 8860008929E085720013FC8B /* GJ_ImageLoader */;
			targetProxy = 8860009C29E085730013FC8B /* PBXContainerItemProxy */;
		};
		886000A729E085730013FC8B /* PBXTargetDependency */ = {
			isa = PBXTargetDependency;
			target = 8860008929E085720013FC8B /* GJ_ImageLoader */;
			targetProxy = 886000A629E085730013FC8B /* PBXContainerItemProxy */;
		};
/* End PBXTargetDependency section */

/* Begin XCBuildConfiguration section */
		886000AD29E085730013FC8B /* Debug */ = {
			isa = XCBuildConfiguration;
			buildSettings = {
				ALWAYS_SEARCH_USER_PATHS = NO;
				CLANG_ANALYZER_NONNULL = YES;
				CLANG_ANALYZER_NUMBER_OBJECT_CONVERSION = YES_AGGRESSIVE;
				CLANG_CXX_LANGUAGE_STANDARD = "gnu++20";
				CLANG_ENABLE_MODULES = YES;
				CLANG_ENABLE_OBJC_ARC = YES;
				CLANG_ENABLE_OBJC_WEAK = YES;
				CLANG_WARN_BLOCK_CAPTURE_AUTORELEASING = YES;
				CLANG_WARN_BOOL_CONVERSION = YES;
				CLANG_WARN_COMMA = YES;
				CLANG_WARN_CONSTANT_CONVERSION = YES;
				CLANG_WARN_DEPRECATED_OBJC_IMPLEMENTATIONS = YES;
				CLANG_WARN_DIRECT_OBJC_ISA_USAGE = YES_ERROR;
				CLANG_WARN_DOCUMENTATION_COMMENTS = YES;
				CLANG_WARN_EMPTY_BODY = YES;
				CLANG_WARN_ENUM_CONVERSION = YES;
				CLANG_WARN_INFINITE_RECURSION = YES;
				CLANG_WARN_INT_CONVERSION = YES;
				CLANG_WARN_NON_LITERAL_NULL_CONVERSION = YES;
				CLANG_WARN_OBJC_IMPLICIT_RETAIN_SELF = YES;
				CLANG_WARN_OBJC_LITERAL_CONVERSION = YES;
				CLANG_WARN_OBJC_ROOT_CLASS = YES_ERROR;
				CLANG_WARN_QUOTED_INCLUDE_IN_FRAMEWORK_HEADER = YES;
				CLANG_WARN_RANGE_LOOP_ANALYSIS = YES;
				CLANG_WARN_STRICT_PROTOTYPES = YES;
				CLANG_WARN_SUSPICIOUS_MOVE = YES;
				CLANG_WARN_UNGUARDED_AVAILABILITY = YES_AGGRESSIVE;
				CLANG_WARN_UNREACHABLE_CODE = YES;
				CLANG_WARN__DUPLICATE_METHOD_MATCH = YES;
				COPY_PHASE_STRIP = NO;
				DEBUG_INFORMATION_FORMAT = dwarf;
				ENABLE_STRICT_OBJC_MSGSEND = YES;
				ENABLE_TESTABILITY = YES;
				GCC_C_LANGUAGE_STANDARD = gnu11;
				GCC_DYNAMIC_NO_PIC = NO;
				GCC_NO_COMMON_BLOCKS = YES;
				GCC_OPTIMIZATION_LEVEL = 0;
				GCC_PREPROCESSOR_DEFINITIONS = (
					"DEBUG=1",
					"$(inherited)",
				);
				GCC_WARN_64_TO_32_BIT_CONVERSION = YES;
				GCC_WARN_ABOUT_RETURN_TYPE = YES_ERROR;
				GCC_WARN_UNDECLARED_SELECTOR = YES;
				GCC_WARN_UNINITIALIZED_AUTOS = YES_AGGRESSIVE;
				GCC_WARN_UNUSED_FUNCTION = YES;
				GCC_WARN_UNUSED_VARIABLE = YES;
				MTL_ENABLE_DEBUG_INFO = INCLUDE_SOURCE;
				MTL_FAST_MATH = YES;
				ONLY_ACTIVE_ARCH = YES;
				SWIFT_ACTIVE_COMPILATION_CONDITIONS = DEBUG;
				SWIFT_OPTIMIZATION_LEVEL = "-Onone";
			};
			name = Debug;
		};
		886000AE29E085730013FC8B /* Release */ = {
			isa = XCBuildConfiguration;
			buildSettings = {
				ALWAYS_SEARCH_USER_PATHS = NO;
				CLANG_ANALYZER_NONNULL = YES;
				CLANG_ANALYZER_NUMBER_OBJECT_CONVERSION = YES_AGGRESSIVE;
				CLANG_CXX_LANGUAGE_STANDARD = "gnu++20";
				CLANG_ENABLE_MODULES = YES;
				CLANG_ENABLE_OBJC_ARC = YES;
				CLANG_ENABLE_OBJC_WEAK = YES;
				CLANG_WARN_BLOCK_CAPTURE_AUTORELEASING = YES;
				CLANG_WARN_BOOL_CONVERSION = YES;
				CLANG_WARN_COMMA = YES;
				CLANG_WARN_CONSTANT_CONVERSION = YES;
				CLANG_WARN_DEPRECATED_OBJC_IMPLEMENTATIONS = YES;
				CLANG_WARN_DIRECT_OBJC_ISA_USAGE = YES_ERROR;
				CLANG_WARN_DOCUMENTATION_COMMENTS = YES;
				CLANG_WARN_EMPTY_BODY = YES;
				CLANG_WARN_ENUM_CONVERSION = YES;
				CLANG_WARN_INFINITE_RECURSION = YES;
				CLANG_WARN_INT_CONVERSION = YES;
				CLANG_WARN_NON_LITERAL_NULL_CONVERSION = YES;
				CLANG_WARN_OBJC_IMPLICIT_RETAIN_SELF = YES;
				CLANG_WARN_OBJC_LITERAL_CONVERSION = YES;
				CLANG_WARN_OBJC_ROOT_CLASS = YES_ERROR;
				CLANG_WARN_QUOTED_INCLUDE_IN_FRAMEWORK_HEADER = YES;
				CLANG_WARN_RANGE_LOOP_ANALYSIS = YES;
				CLANG_WARN_STRICT_PROTOTYPES = YES;
				CLANG_WARN_SUSPICIOUS_MOVE = YES;
				CLANG_WARN_UNGUARDED_AVAILABILITY = YES_AGGRESSIVE;
				CLANG_WARN_UNREACHABLE_CODE = YES;
				CLANG_WARN__DUPLICATE_METHOD_MATCH = YES;
				COPY_PHASE_STRIP = NO;
				DEBUG_INFORMATION_FORMAT = "dwarf-with-dsym";
				ENABLE_NS_ASSERTIONS = NO;
				ENABLE_STRICT_OBJC_MSGSEND = YES;
				GCC_C_LANGUAGE_STANDARD = gnu11;
				GCC_NO_COMMON_BLOCKS = YES;
				GCC_WARN_64_TO_32_BIT_CONVERSION = YES;
				GCC_WARN_ABOUT_RETURN_TYPE = YES_ERROR;
				GCC_WARN_UNDECLARED_SELECTOR = YES;
				GCC_WARN_UNINITIALIZED_AUTOS = YES_AGGRESSIVE;
				GCC_WARN_UNUSED_FUNCTION = YES;
				GCC_WARN_UNUSED_VARIABLE = YES;
				MTL_ENABLE_DEBUG_INFO = NO;
				MTL_FAST_MATH = YES;
				SWIFT_COMPILATION_MODE = wholemodule;
				SWIFT_OPTIMIZATION_LEVEL = "-O";
			};
			name = Release;
		};
		886000B029E085730013FC8B /* Debug */ = {
			isa = XCBuildConfiguration;
			buildSettings = {
				ASSETCATALOG_COMPILER_APPICON_NAME = AppIcon;
				ASSETCATALOG_COMPILER_GLOBAL_ACCENT_COLOR_NAME = AccentColor;
				CODE_SIGN_ENTITLEMENTS = GJ_ImageLoader/GJ_ImageLoader.entitlements;
				CODE_SIGN_STYLE = Automatic;
				CURRENT_PROJECT_VERSION = 1;
				DEVELOPMENT_ASSET_PATHS = "\"GJ_ImageLoader/Preview Content\"";
				DEVELOPMENT_TEAM = 42689RR46Q;
				ENABLE_HARDENED_RUNTIME = YES;
				ENABLE_PREVIEWS = YES;
				GENERATE_INFOPLIST_FILE = YES;
				INFOPLIST_FILE = "GJ-ImageLoader-Info.plist";
				"INFOPLIST_KEY_UIApplicationSceneManifest_Generation[sdk=iphoneos*]" = YES;
				"INFOPLIST_KEY_UIApplicationSceneManifest_Generation[sdk=iphonesimulator*]" = YES;
				"INFOPLIST_KEY_UIApplicationSupportsIndirectInputEvents[sdk=iphoneos*]" = YES;
				"INFOPLIST_KEY_UIApplicationSupportsIndirectInputEvents[sdk=iphonesimulator*]" = YES;
				"INFOPLIST_KEY_UILaunchScreen_Generation[sdk=iphoneos*]" = YES;
				"INFOPLIST_KEY_UILaunchScreen_Generation[sdk=iphonesimulator*]" = YES;
				"INFOPLIST_KEY_UIStatusBarStyle[sdk=iphoneos*]" = UIStatusBarStyleDefault;
				"INFOPLIST_KEY_UIStatusBarStyle[sdk=iphonesimulator*]" = UIStatusBarStyleDefault;
				INFOPLIST_KEY_UISupportedInterfaceOrientations_iPad = "UIInterfaceOrientationPortrait UIInterfaceOrientationPortraitUpsideDown UIInterfaceOrientationLandscapeLeft UIInterfaceOrientationLandscapeRight";
				INFOPLIST_KEY_UISupportedInterfaceOrientations_iPhone = "UIInterfaceOrientationPortrait UIInterfaceOrientationLandscapeLeft UIInterfaceOrientationLandscapeRight";
				IPHONEOS_DEPLOYMENT_TARGET = 16.4;
				LD_RUNPATH_SEARCH_PATHS = "@executable_path/Frameworks";
				"LD_RUNPATH_SEARCH_PATHS[sdk=macosx*]" = "@executable_path/../Frameworks";
				MACOSX_DEPLOYMENT_TARGET = 13.2;
				MARKETING_VERSION = 1.0;
				PRODUCT_BUNDLE_IDENTIFIER = "GrooveJones.GJ-ImageLoader";
				PRODUCT_NAME = "$(TARGET_NAME)";
				SDKROOT = auto;
				SUPPORTED_PLATFORMS = "iphoneos iphonesimulator macosx";
				SWIFT_EMIT_LOC_STRINGS = YES;
				SWIFT_VERSION = 5.0;
				TARGETED_DEVICE_FAMILY = "1,2";
			};
			name = Debug;
		};
		886000B129E085730013FC8B /* Release */ = {
			isa = XCBuildConfiguration;
			buildSettings = {
				ASSETCATALOG_COMPILER_APPICON_NAME = AppIcon;
				ASSETCATALOG_COMPILER_GLOBAL_ACCENT_COLOR_NAME = AccentColor;
				CODE_SIGN_ENTITLEMENTS = GJ_ImageLoader/GJ_ImageLoader.entitlements;
				CODE_SIGN_STYLE = Automatic;
				CURRENT_PROJECT_VERSION = 1;
				DEVELOPMENT_ASSET_PATHS = "\"GJ_ImageLoader/Preview Content\"";
				DEVELOPMENT_TEAM = 42689RR46Q;
				ENABLE_HARDENED_RUNTIME = YES;
				ENABLE_PREVIEWS = YES;
				GENERATE_INFOPLIST_FILE = YES;
				INFOPLIST_FILE = "GJ-ImageLoader-Info.plist";
				"INFOPLIST_KEY_UIApplicationSceneManifest_Generation[sdk=iphoneos*]" = YES;
				"INFOPLIST_KEY_UIApplicationSceneManifest_Generation[sdk=iphonesimulator*]" = YES;
				"INFOPLIST_KEY_UIApplicationSupportsIndirectInputEvents[sdk=iphoneos*]" = YES;
				"INFOPLIST_KEY_UIApplicationSupportsIndirectInputEvents[sdk=iphonesimulator*]" = YES;
				"INFOPLIST_KEY_UILaunchScreen_Generation[sdk=iphoneos*]" = YES;
				"INFOPLIST_KEY_UILaunchScreen_Generation[sdk=iphonesimulator*]" = YES;
				"INFOPLIST_KEY_UIStatusBarStyle[sdk=iphoneos*]" = UIStatusBarStyleDefault;
				"INFOPLIST_KEY_UIStatusBarStyle[sdk=iphonesimulator*]" = UIStatusBarStyleDefault;
				INFOPLIST_KEY_UISupportedInterfaceOrientations_iPad = "UIInterfaceOrientationPortrait UIInterfaceOrientationPortraitUpsideDown UIInterfaceOrientationLandscapeLeft UIInterfaceOrientationLandscapeRight";
				INFOPLIST_KEY_UISupportedInterfaceOrientations_iPhone = "UIInterfaceOrientationPortrait UIInterfaceOrientationLandscapeLeft UIInterfaceOrientationLandscapeRight";
				IPHONEOS_DEPLOYMENT_TARGET = 16.4;
				LD_RUNPATH_SEARCH_PATHS = "@executable_path/Frameworks";
				"LD_RUNPATH_SEARCH_PATHS[sdk=macosx*]" = "@executable_path/../Frameworks";
				MACOSX_DEPLOYMENT_TARGET = 13.2;
				MARKETING_VERSION = 1.0;
				PRODUCT_BUNDLE_IDENTIFIER = "GrooveJones.GJ-ImageLoader";
				PRODUCT_NAME = "$(TARGET_NAME)";
				SDKROOT = auto;
				SUPPORTED_PLATFORMS = "iphoneos iphonesimulator macosx";
				SWIFT_EMIT_LOC_STRINGS = YES;
				SWIFT_VERSION = 5.0;
				TARGETED_DEVICE_FAMILY = "1,2";
			};
			name = Release;
		};
		886000B329E085730013FC8B /* Debug */ = {
			isa = XCBuildConfiguration;
			buildSettings = {
				ALWAYS_EMBED_SWIFT_STANDARD_LIBRARIES = YES;
				BUNDLE_LOADER = "$(TEST_HOST)";
				CODE_SIGN_STYLE = Automatic;
				CURRENT_PROJECT_VERSION = 1;
				DEVELOPMENT_TEAM = 42689RR46Q;
				GENERATE_INFOPLIST_FILE = YES;
				IPHONEOS_DEPLOYMENT_TARGET = 16.4;
				MACOSX_DEPLOYMENT_TARGET = 13.2;
				MARKETING_VERSION = 1.0;
				PRODUCT_BUNDLE_IDENTIFIER = "GrooveJones.GJ-ImageLoaderTests";
				PRODUCT_NAME = "$(TARGET_NAME)";
				SDKROOT = auto;
				SUPPORTED_PLATFORMS = "iphoneos iphonesimulator macosx";
				SWIFT_EMIT_LOC_STRINGS = NO;
				SWIFT_VERSION = 5.0;
				TARGETED_DEVICE_FAMILY = "1,2";
				TEST_HOST = "$(BUILT_PRODUCTS_DIR)/GJ_ImageLoader.app/$(BUNDLE_EXECUTABLE_FOLDER_PATH)/GJ_ImageLoader";
			};
			name = Debug;
		};
		886000B429E085730013FC8B /* Release */ = {
			isa = XCBuildConfiguration;
			buildSettings = {
				ALWAYS_EMBED_SWIFT_STANDARD_LIBRARIES = YES;
				BUNDLE_LOADER = "$(TEST_HOST)";
				CODE_SIGN_STYLE = Automatic;
				CURRENT_PROJECT_VERSION = 1;
				DEVELOPMENT_TEAM = 42689RR46Q;
				GENERATE_INFOPLIST_FILE = YES;
				IPHONEOS_DEPLOYMENT_TARGET = 16.4;
				MACOSX_DEPLOYMENT_TARGET = 13.2;
				MARKETING_VERSION = 1.0;
				PRODUCT_BUNDLE_IDENTIFIER = "GrooveJones.GJ-ImageLoaderTests";
				PRODUCT_NAME = "$(TARGET_NAME)";
				SDKROOT = auto;
				SUPPORTED_PLATFORMS = "iphoneos iphonesimulator macosx";
				SWIFT_EMIT_LOC_STRINGS = NO;
				SWIFT_VERSION = 5.0;
				TARGETED_DEVICE_FAMILY = "1,2";
				TEST_HOST = "$(BUILT_PRODUCTS_DIR)/GJ_ImageLoader.app/$(BUNDLE_EXECUTABLE_FOLDER_PATH)/GJ_ImageLoader";
			};
			name = Release;
		};
		886000B629E085730013FC8B /* Debug */ = {
			isa = XCBuildConfiguration;
			buildSettings = {
				ALWAYS_EMBED_SWIFT_STANDARD_LIBRARIES = YES;
				CODE_SIGN_STYLE = Automatic;
				CURRENT_PROJECT_VERSION = 1;
				DEVELOPMENT_TEAM = 42689RR46Q;
				GENERATE_INFOPLIST_FILE = YES;
				IPHONEOS_DEPLOYMENT_TARGET = 16.4;
				MACOSX_DEPLOYMENT_TARGET = 13.2;
				MARKETING_VERSION = 1.0;
				PRODUCT_BUNDLE_IDENTIFIER = "GrooveJones.GJ-ImageLoaderUITests";
				PRODUCT_NAME = "$(TARGET_NAME)";
				SDKROOT = auto;
				SUPPORTED_PLATFORMS = "iphoneos iphonesimulator macosx";
				SWIFT_EMIT_LOC_STRINGS = NO;
				SWIFT_VERSION = 5.0;
				TARGETED_DEVICE_FAMILY = "1,2";
				TEST_TARGET_NAME = GJ_ImageLoader;
			};
			name = Debug;
		};
		886000B729E085730013FC8B /* Release */ = {
			isa = XCBuildConfiguration;
			buildSettings = {
				ALWAYS_EMBED_SWIFT_STANDARD_LIBRARIES = YES;
				CODE_SIGN_STYLE = Automatic;
				CURRENT_PROJECT_VERSION = 1;
				DEVELOPMENT_TEAM = 42689RR46Q;
				GENERATE_INFOPLIST_FILE = YES;
				IPHONEOS_DEPLOYMENT_TARGET = 16.4;
				MACOSX_DEPLOYMENT_TARGET = 13.2;
				MARKETING_VERSION = 1.0;
				PRODUCT_BUNDLE_IDENTIFIER = "GrooveJones.GJ-ImageLoaderUITests";
				PRODUCT_NAME = "$(TARGET_NAME)";
				SDKROOT = auto;
				SUPPORTED_PLATFORMS = "iphoneos iphonesimulator macosx";
				SWIFT_EMIT_LOC_STRINGS = NO;
				SWIFT_VERSION = 5.0;
				TARGETED_DEVICE_FAMILY = "1,2";
				TEST_TARGET_NAME = GJ_ImageLoader;
			};
			name = Release;
		};
/* End XCBuildConfiguration section */

/* Begin XCConfigurationList section */
		8860008529E085720013FC8B /* Build configuration list for PBXProject "GJ_ImageLoader" */ = {
			isa = XCConfigurationList;
			buildConfigurations = (
				886000AD29E085730013FC8B /* Debug */,
				886000AE29E085730013FC8B /* Release */,
			);
			defaultConfigurationIsVisible = 0;
			defaultConfigurationName = Release;
		};
		886000AF29E085730013FC8B /* Build configuration list for PBXNativeTarget "GJ_ImageLoader" */ = {
			isa = XCConfigurationList;
			buildConfigurations = (
				886000B029E085730013FC8B /* Debug */,
				886000B129E085730013FC8B /* Release */,
			);
			defaultConfigurationIsVisible = 0;
			defaultConfigurationName = Release;
		};
		886000B229E085730013FC8B /* Build configuration list for PBXNativeTarget "GJ_ImageLoaderTests" */ = {
			isa = XCConfigurationList;
			buildConfigurations = (
				886000B329E085730013FC8B /* Debug */,
				886000B429E085730013FC8B /* Release */,
			);
			defaultConfigurationIsVisible = 0;
			defaultConfigurationName = Release;
		};
		886000B529E085730013FC8B /* Build configuration list for PBXNativeTarget "GJ_ImageLoaderUITests" */ = {
			isa = XCConfigurationList;
			buildConfigurations = (
				886000B629E085730013FC8B /* Debug */,
				886000B729E085730013FC8B /* Release */,
			);
			defaultConfigurationIsVisible = 0;
			defaultConfigurationName = Release;
		};
/* End XCConfigurationList section */
	};
	rootObject = 8860008229E085720013FC8B /* Project object */;
}
