// !$*UTF8*$!
{
	archiveVersion = 1;
	classes = {
	};
	objectVersion = 56;
	objects = {

/* Begin PBXBuildFile section */
		88E80E3E29E1C3ED006941B5 /* ScannerReviewApp.swift in Sources */ = {isa = PBXBuildFile; fileRef = 88E80E3D29E1C3ED006941B5 /* ScannerReviewApp.swift */; };
		88E80E4029E1C3ED006941B5 /* ContentView.swift in Sources */ = {isa = PBXBuildFile; fileRef = 88E80E3F29E1C3ED006941B5 /* ContentView.swift */; };
		88E80E4229E1C3EE006941B5 /* Assets.xcassets in Resources */ = {isa = PBXBuildFile; fileRef = 88E80E4129E1C3EE006941B5 /* Assets.xcassets */; };
		88E80E4629E1C3EE006941B5 /* Preview Assets.xcassets in Resources */ = {isa = PBXBuildFile; fileRef = 88E80E4529E1C3EE006941B5 /* Preview Assets.xcassets */; };
		88E80E5029E1C3EE006941B5 /* ScannerReviewTests.swift in Sources */ = {isa = PBXBuildFile; fileRef = 88E80E4F29E1C3EE006941B5 /* ScannerReviewTests.swift */; };
		88E80E5A29E1C3EE006941B5 /* ScannerReviewUITests.swift in Sources */ = {isa = PBXBuildFile; fileRef = 88E80E5929E1C3EE006941B5 /* ScannerReviewUITests.swift */; };
		88E80E5C29E1C3EE006941B5 /* ScannerReviewUITestsLaunchTests.swift in Sources */ = {isa = PBXBuildFile; fileRef = 88E80E5B29E1C3EE006941B5 /* ScannerReviewUITestsLaunchTests.swift */; };
/* End PBXBuildFile section */

/* Begin PBXContainerItemProxy section */
		88E80E4C29E1C3EE006941B5 /* PBXContainerItemProxy */ = {
			isa = PBXContainerItemProxy;
			containerPortal = 88E80E3229E1C3ED006941B5 /* Project object */;
			proxyType = 1;
			remoteGlobalIDString = 88E80E3929E1C3ED006941B5;
			remoteInfo = ScannerReview;
		};
		88E80E5629E1C3EE006941B5 /* PBXContainerItemProxy */ = {
			isa = PBXContainerItemProxy;
			containerPortal = 88E80E3229E1C3ED006941B5 /* Project object */;
			proxyType = 1;
			remoteGlobalIDString = 88E80E3929E1C3ED006941B5;
			remoteInfo = ScannerReview;
		};
/* End PBXContainerItemProxy section */

/* Begin PBXFileReference section */
		88E80E3A29E1C3ED006941B5 /* ScannerReview.app */ = {isa = PBXFileReference; explicitFileType = wrapper.application; includeInIndex = 0; path = ScannerReview.app; sourceTree = BUILT_PRODUCTS_DIR; };
		88E80E3D29E1C3ED006941B5 /* ScannerReviewApp.swift */ = {isa = PBXFileReference; lastKnownFileType = sourcecode.swift; path = ScannerReviewApp.swift; sourceTree = "<group>"; };
		88E80E3F29E1C3ED006941B5 /* ContentView.swift */ = {isa = PBXFileReference; lastKnownFileType = sourcecode.swift; path = ContentView.swift; sourceTree = "<group>"; };
		88E80E4129E1C3EE006941B5 /* Assets.xcassets */ = {isa = PBXFileReference; lastKnownFileType = folder.assetcatalog; path = Assets.xcassets; sourceTree = "<group>"; };
		88E80E4329E1C3EE006941B5 /* ScannerReview.entitlements */ = {isa = PBXFileReference; lastKnownFileType = text.plist.entitlements; path = ScannerReview.entitlements; sourceTree = "<group>"; };
		88E80E4529E1C3EE006941B5 /* Preview Assets.xcassets */ = {isa = PBXFileReference; lastKnownFileType = folder.assetcatalog; path = "Preview Assets.xcassets"; sourceTree = "<group>"; };
		88E80E4B29E1C3EE006941B5 /* ScannerReviewTests.xctest */ = {isa = PBXFileReference; explicitFileType = wrapper.cfbundle; includeInIndex = 0; path = ScannerReviewTests.xctest; sourceTree = BUILT_PRODUCTS_DIR; };
		88E80E4F29E1C3EE006941B5 /* ScannerReviewTests.swift */ = {isa = PBXFileReference; lastKnownFileType = sourcecode.swift; path = ScannerReviewTests.swift; sourceTree = "<group>"; };
		88E80E5529E1C3EE006941B5 /* ScannerReviewUITests.xctest */ = {isa = PBXFileReference; explicitFileType = wrapper.cfbundle; includeInIndex = 0; path = ScannerReviewUITests.xctest; sourceTree = BUILT_PRODUCTS_DIR; };
		88E80E5929E1C3EE006941B5 /* ScannerReviewUITests.swift */ = {isa = PBXFileReference; lastKnownFileType = sourcecode.swift; path = ScannerReviewUITests.swift; sourceTree = "<group>"; };
		88E80E5B29E1C3EE006941B5 /* ScannerReviewUITestsLaunchTests.swift */ = {isa = PBXFileReference; lastKnownFileType = sourcecode.swift; path = ScannerReviewUITestsLaunchTests.swift; sourceTree = "<group>"; };
/* End PBXFileReference section */

/* Begin PBXFrameworksBuildPhase section */
		88E80E3729E1C3ED006941B5 /* Frameworks */ = {
			isa = PBXFrameworksBuildPhase;
			buildActionMask = 2147483647;
			files = (
			);
			runOnlyForDeploymentPostprocessing = 0;
		};
		88E80E4829E1C3EE006941B5 /* Frameworks */ = {
			isa = PBXFrameworksBuildPhase;
			buildActionMask = 2147483647;
			files = (
			);
			runOnlyForDeploymentPostprocessing = 0;
		};
		88E80E5229E1C3EE006941B5 /* Frameworks */ = {
			isa = PBXFrameworksBuildPhase;
			buildActionMask = 2147483647;
			files = (
			);
			runOnlyForDeploymentPostprocessing = 0;
		};
/* End PBXFrameworksBuildPhase section */

/* Begin PBXGroup section */
		88E80E3129E1C3ED006941B5 = {
			isa = PBXGroup;
			children = (
				88E80E3C29E1C3ED006941B5 /* ScannerReview */,
				88E80E4E29E1C3EE006941B5 /* ScannerReviewTests */,
				88E80E5829E1C3EE006941B5 /* ScannerReviewUITests */,
				88E80E3B29E1C3ED006941B5 /* Products */,
			);
			sourceTree = "<group>";
		};
		88E80E3B29E1C3ED006941B5 /* Products */ = {
			isa = PBXGroup;
			children = (
				88E80E3A29E1C3ED006941B5 /* ScannerReview.app */,
				88E80E4B29E1C3EE006941B5 /* ScannerReviewTests.xctest */,
				88E80E5529E1C3EE006941B5 /* ScannerReviewUITests.xctest */,
			);
			name = Products;
			sourceTree = "<group>";
		};
		88E80E3C29E1C3ED006941B5 /* ScannerReview */ = {
			isa = PBXGroup;
			children = (
				88E80E3D29E1C3ED006941B5 /* ScannerReviewApp.swift */,
				88E80E3F29E1C3ED006941B5 /* ContentView.swift */,
				88E80E4129E1C3EE006941B5 /* Assets.xcassets */,
				88E80E4329E1C3EE006941B5 /* ScannerReview.entitlements */,
				88E80E4429E1C3EE006941B5 /* Preview Content */,
			);
			path = ScannerReview;
			sourceTree = "<group>";
		};
		88E80E4429E1C3EE006941B5 /* Preview Content */ = {
			isa = PBXGroup;
			children = (
				88E80E4529E1C3EE006941B5 /* Preview Assets.xcassets */,
			);
			path = "Preview Content";
			sourceTree = "<group>";
		};
		88E80E4E29E1C3EE006941B5 /* ScannerReviewTests */ = {
			isa = PBXGroup;
			children = (
				88E80E4F29E1C3EE006941B5 /* ScannerReviewTests.swift */,
			);
			path = ScannerReviewTests;
			sourceTree = "<group>";
		};
		88E80E5829E1C3EE006941B5 /* ScannerReviewUITests */ = {
			isa = PBXGroup;
			children = (
				88E80E5929E1C3EE006941B5 /* ScannerReviewUITests.swift */,
				88E80E5B29E1C3EE006941B5 /* ScannerReviewUITestsLaunchTests.swift */,
			);
			path = ScannerReviewUITests;
			sourceTree = "<group>";
		};
/* End PBXGroup section */

/* Begin PBXNativeTarget section */
		88E80E3929E1C3ED006941B5 /* ScannerReview */ = {
			isa = PBXNativeTarget;
			buildConfigurationList = 88E80E5F29E1C3EE006941B5 /* Build configuration list for PBXNativeTarget "ScannerReview" */;
			buildPhases = (
				88E80E3629E1C3ED006941B5 /* Sources */,
				88E80E3729E1C3ED006941B5 /* Frameworks */,
				88E80E3829E1C3ED006941B5 /* Resources */,
			);
			buildRules = (
			);
			dependencies = (
			);
			name = ScannerReview;
			productName = ScannerReview;
			productReference = 88E80E3A29E1C3ED006941B5 /* ScannerReview.app */;
			productType = "com.apple.product-type.application";
		};
		88E80E4A29E1C3EE006941B5 /* ScannerReviewTests */ = {
			isa = PBXNativeTarget;
			buildConfigurationList = 88E80E6229E1C3EE006941B5 /* Build configuration list for PBXNativeTarget "ScannerReviewTests" */;
			buildPhases = (
				88E80E4729E1C3EE006941B5 /* Sources */,
				88E80E4829E1C3EE006941B5 /* Frameworks */,
				88E80E4929E1C3EE006941B5 /* Resources */,
			);
			buildRules = (
			);
			dependencies = (
				88E80E4D29E1C3EE006941B5 /* PBXTargetDependency */,
			);
			name = ScannerReviewTests;
			productName = ScannerReviewTests;
			productReference = 88E80E4B29E1C3EE006941B5 /* ScannerReviewTests.xctest */;
			productType = "com.apple.product-type.bundle.unit-test";
		};
		88E80E5429E1C3EE006941B5 /* ScannerReviewUITests */ = {
			isa = PBXNativeTarget;
			buildConfigurationList = 88E80E6529E1C3EE006941B5 /* Build configuration list for PBXNativeTarget "ScannerReviewUITests" */;
			buildPhases = (
				88E80E5129E1C3EE006941B5 /* Sources */,
				88E80E5229E1C3EE006941B5 /* Frameworks */,
				88E80E5329E1C3EE006941B5 /* Resources */,
			);
			buildRules = (
			);
			dependencies = (
				88E80E5729E1C3EE006941B5 /* PBXTargetDependency */,
			);
			name = ScannerReviewUITests;
			productName = ScannerReviewUITests;
			productReference = 88E80E5529E1C3EE006941B5 /* ScannerReviewUITests.xctest */;
			productType = "com.apple.product-type.bundle.ui-testing";
		};
/* End PBXNativeTarget section */

/* Begin PBXProject section */
		88E80E3229E1C3ED006941B5 /* Project object */ = {
			isa = PBXProject;
			attributes = {
				BuildIndependentTargetsInParallel = 1;
				LastSwiftUpdateCheck = 1430;
				LastUpgradeCheck = 1430;
				TargetAttributes = {
					88E80E3929E1C3ED006941B5 = {
						CreatedOnToolsVersion = 14.3;
					};
					88E80E4A29E1C3EE006941B5 = {
						CreatedOnToolsVersion = 14.3;
						TestTargetID = 88E80E3929E1C3ED006941B5;
					};
					88E80E5429E1C3EE006941B5 = {
						CreatedOnToolsVersion = 14.3;
						TestTargetID = 88E80E3929E1C3ED006941B5;
					};
				};
			};
			buildConfigurationList = 88E80E3529E1C3ED006941B5 /* Build configuration list for PBXProject "ScannerReview" */;
			compatibilityVersion = "Xcode 14.0";
			developmentRegion = en;
			hasScannedForEncodings = 0;
			knownRegions = (
				en,
				Base,
			);
			mainGroup = 88E80E3129E1C3ED006941B5;
			productRefGroup = 88E80E3B29E1C3ED006941B5 /* Products */;
			projectDirPath = "";
			projectRoot = "";
			targets = (
				88E80E3929E1C3ED006941B5 /* ScannerReview */,
				88E80E4A29E1C3EE006941B5 /* ScannerReviewTests */,
				88E80E5429E1C3EE006941B5 /* ScannerReviewUITests */,
			);
		};
/* End PBXProject section */

/* Begin PBXResourcesBuildPhase section */
		88E80E3829E1C3ED006941B5 /* Resources */ = {
			isa = PBXResourcesBuildPhase;
			buildActionMask = 2147483647;
			files = (
				88E80E4629E1C3EE006941B5 /* Preview Assets.xcassets in Resources */,
				88E80E4229E1C3EE006941B5 /* Assets.xcassets in Resources */,
			);
			runOnlyForDeploymentPostprocessing = 0;
		};
		88E80E4929E1C3EE006941B5 /* Resources */ = {
			isa = PBXResourcesBuildPhase;
			buildActionMask = 2147483647;
			files = (
			);
			runOnlyForDeploymentPostprocessing = 0;
		};
		88E80E5329E1C3EE006941B5 /* Resources */ = {
			isa = PBXResourcesBuildPhase;
			buildActionMask = 2147483647;
			files = (
			);
			runOnlyForDeploymentPostprocessing = 0;
		};
/* End PBXResourcesBuildPhase section */

/* Begin PBXSourcesBuildPhase section */
		88E80E3629E1C3ED006941B5 /* Sources */ = {
			isa = PBXSourcesBuildPhase;
			buildActionMask = 2147483647;
			files = (
				88E80E4029E1C3ED006941B5 /* ContentView.swift in Sources */,
				88E80E3E29E1C3ED006941B5 /* ScannerReviewApp.swift in Sources */,
			);
			runOnlyForDeploymentPostprocessing = 0;
		};
		88E80E4729E1C3EE006941B5 /* Sources */ = {
			isa = PBXSourcesBuildPhase;
			buildActionMask = 2147483647;
			files = (
				88E80E5029E1C3EE006941B5 /* ScannerReviewTests.swift in Sources */,
			);
			runOnlyForDeploymentPostprocessing = 0;
		};
		88E80E5129E1C3EE006941B5 /* Sources */ = {
			isa = PBXSourcesBuildPhase;
			buildActionMask = 2147483647;
			files = (
				88E80E5A29E1C3EE006941B5 /* ScannerReviewUITests.swift in Sources */,
				88E80E5C29E1C3EE006941B5 /* ScannerReviewUITestsLaunchTests.swift in Sources */,
			);
			runOnlyForDeploymentPostprocessing = 0;
		};
/* End PBXSourcesBuildPhase section */

/* Begin PBXTargetDependency section */
		88E80E4D29E1C3EE006941B5 /* PBXTargetDependency */ = {
			isa = PBXTargetDependency;
			target = 88E80E3929E1C3ED006941B5 /* ScannerReview */;
			targetProxy = 88E80E4C29E1C3EE006941B5 /* PBXContainerItemProxy */;
		};
		88E80E5729E1C3EE006941B5 /* PBXTargetDependency */ = {
			isa = PBXTargetDependency;
			target = 88E80E3929E1C3ED006941B5 /* ScannerReview */;
			targetProxy = 88E80E5629E1C3EE006941B5 /* PBXContainerItemProxy */;
		};
/* End PBXTargetDependency section */

/* Begin XCBuildConfiguration section */
		88E80E5D29E1C3EE006941B5 /* Debug */ = {
			isa = XCBuildConfiguration;
			buildSettings = {
				ALWAYS_SEARCH_USER_PATHS = NO;
				CLANG_ANALYZER_NONNULL = YES;
				CLANG_ANALYZER_NUMBER_OBJECT_CONVERSION = YES_AGGRESSIVE;
				CLANG_CXX_LANGUAGE_STANDARD = "gnu++20";
				CLANG_ENABLE_MODULES = YES;
				CLANG_ENABLE_OBJC_ARC = YES;
				CLANG_ENABLE_OBJC_WEAK = YES;
				CLANG_WARN_BLOCK_CAPTURE_AUTORELEASING = YES;
				CLANG_WARN_BOOL_CONVERSION = YES;
				CLANG_WARN_COMMA = YES;
				CLANG_WARN_CONSTANT_CONVERSION = YES;
				CLANG_WARN_DEPRECATED_OBJC_IMPLEMENTATIONS = YES;
				CLANG_WARN_DIRECT_OBJC_ISA_USAGE = YES_ERROR;
				CLANG_WARN_DOCUMENTATION_COMMENTS = YES;
				CLANG_WARN_EMPTY_BODY = YES;
				CLANG_WARN_ENUM_CONVERSION = YES;
				CLANG_WARN_INFINITE_RECURSION = YES;
				CLANG_WARN_INT_CONVERSION = YES;
				CLANG_WARN_NON_LITERAL_NULL_CONVERSION = YES;
				CLANG_WARN_OBJC_IMPLICIT_RETAIN_SELF = YES;
				CLANG_WARN_OBJC_LITERAL_CONVERSION = YES;
				CLANG_WARN_OBJC_ROOT_CLASS = YES_ERROR;
				CLANG_WARN_QUOTED_INCLUDE_IN_FRAMEWORK_HEADER = YES;
				CLANG_WARN_RANGE_LOOP_ANALYSIS = YES;
				CLANG_WARN_STRICT_PROTOTYPES = YES;
				CLANG_WARN_SUSPICIOUS_MOVE = YES;
				CLANG_WARN_UNGUARDED_AVAILABILITY = YES_AGGRESSIVE;
				CLANG_WARN_UNREACHABLE_CODE = YES;
				CLANG_WARN__DUPLICATE_METHOD_MATCH = YES;
				COPY_PHASE_STRIP = NO;
				DEBUG_INFORMATION_FORMAT = dwarf;
				ENABLE_STRICT_OBJC_MSGSEND = YES;
				ENABLE_TESTABILITY = YES;
				GCC_C_LANGUAGE_STANDARD = gnu11;
				GCC_DYNAMIC_NO_PIC = NO;
				GCC_NO_COMMON_BLOCKS = YES;
				GCC_OPTIMIZATION_LEVEL = 0;
				GCC_PREPROCESSOR_DEFINITIONS = (
					"DEBUG=1",
					"$(inherited)",
				);
				GCC_WARN_64_TO_32_BIT_CONVERSION = YES;
				GCC_WARN_ABOUT_RETURN_TYPE = YES_ERROR;
				GCC_WARN_UNDECLARED_SELECTOR = YES;
				GCC_WARN_UNINITIALIZED_AUTOS = YES_AGGRESSIVE;
				GCC_WARN_UNUSED_FUNCTION = YES;
				GCC_WARN_UNUSED_VARIABLE = YES;
				MTL_ENABLE_DEBUG_INFO = INCLUDE_SOURCE;
				MTL_FAST_MATH = YES;
				ONLY_ACTIVE_ARCH = YES;
				SWIFT_ACTIVE_COMPILATION_CONDITIONS = DEBUG;
				SWIFT_OPTIMIZATION_LEVEL = "-Onone";
			};
			name = Debug;
		};
		88E80E5E29E1C3EE006941B5 /* Release */ = {
			isa = XCBuildConfiguration;
			buildSettings = {
				ALWAYS_SEARCH_USER_PATHS = NO;
				CLANG_ANALYZER_NONNULL = YES;
				CLANG_ANALYZER_NUMBER_OBJECT_CONVERSION = YES_AGGRESSIVE;
				CLANG_CXX_LANGUAGE_STANDARD = "gnu++20";
				CLANG_ENABLE_MODULES = YES;
				CLANG_ENABLE_OBJC_ARC = YES;
				CLANG_ENABLE_OBJC_WEAK = YES;
				CLANG_WARN_BLOCK_CAPTURE_AUTORELEASING = YES;
				CLANG_WARN_BOOL_CONVERSION = YES;
				CLANG_WARN_COMMA = YES;
				CLANG_WARN_CONSTANT_CONVERSION = YES;
				CLANG_WARN_DEPRECATED_OBJC_IMPLEMENTATIONS = YES;
				CLANG_WARN_DIRECT_OBJC_ISA_USAGE = YES_ERROR;
				CLANG_WARN_DOCUMENTATION_COMMENTS = YES;
				CLANG_WARN_EMPTY_BODY = YES;
				CLANG_WARN_ENUM_CONVERSION = YES;
				CLANG_WARN_INFINITE_RECURSION = YES;
				CLANG_WARN_INT_CONVERSION = YES;
				CLANG_WARN_NON_LITERAL_NULL_CONVERSION = YES;
				CLANG_WARN_OBJC_IMPLICIT_RETAIN_SELF = YES;
				CLANG_WARN_OBJC_LITERAL_CONVERSION = YES;
				CLANG_WARN_OBJC_ROOT_CLASS = YES_ERROR;
				CLANG_WARN_QUOTED_INCLUDE_IN_FRAMEWORK_HEADER = YES;
				CLANG_WARN_RANGE_LOOP_ANALYSIS = YES;
				CLANG_WARN_STRICT_PROTOTYPES = YES;
				CLANG_WARN_SUSPICIOUS_MOVE = YES;
				CLANG_WARN_UNGUARDED_AVAILABILITY = YES_AGGRESSIVE;
				CLANG_WARN_UNREACHABLE_CODE = YES;
				CLANG_WARN__DUPLICATE_METHOD_MATCH = YES;
				COPY_PHASE_STRIP = NO;
				DEBUG_INFORMATION_FORMAT = "dwarf-with-dsym";
				ENABLE_NS_ASSERTIONS = NO;
				ENABLE_STRICT_OBJC_MSGSEND = YES;
				GCC_C_LANGUAGE_STANDARD = gnu11;
				GCC_NO_COMMON_BLOCKS = YES;
				GCC_WARN_64_TO_32_BIT_CONVERSION = YES;
				GCC_WARN_ABOUT_RETURN_TYPE = YES_ERROR;
				GCC_WARN_UNDECLARED_SELECTOR = YES;
				GCC_WARN_UNINITIALIZED_AUTOS = YES_AGGRESSIVE;
				GCC_WARN_UNUSED_FUNCTION = YES;
				GCC_WARN_UNUSED_VARIABLE = YES;
				MTL_ENABLE_DEBUG_INFO = NO;
				MTL_FAST_MATH = YES;
				SWIFT_COMPILATION_MODE = wholemodule;
				SWIFT_OPTIMIZATION_LEVEL = "-O";
			};
			name = Release;
		};
		88E80E6029E1C3EE006941B5 /* Debug */ = {
			isa = XCBuildConfiguration;
			buildSettings = {
				ASSETCATALOG_COMPILER_APPICON_NAME = AppIcon;
				ASSETCATALOG_COMPILER_GLOBAL_ACCENT_COLOR_NAME = AccentColor;
				CODE_SIGN_ENTITLEMENTS = ScannerReview/ScannerReview.entitlements;
				CODE_SIGN_STYLE = Automatic;
				CURRENT_PROJECT_VERSION = 1;
				DEVELOPMENT_ASSET_PATHS = "\"ScannerReview/Preview Content\"";
				DEVELOPMENT_TEAM = 42689RR46Q;
				ENABLE_HARDENED_RUNTIME = YES;
				ENABLE_PREVIEWS = YES;
				GENERATE_INFOPLIST_FILE = YES;
				"INFOPLIST_KEY_UIApplicationSceneManifest_Generation[sdk=iphoneos*]" = YES;
				"INFOPLIST_KEY_UIApplicationSceneManifest_Generation[sdk=iphonesimulator*]" = YES;
				"INFOPLIST_KEY_UIApplicationSupportsIndirectInputEvents[sdk=iphoneos*]" = YES;
				"INFOPLIST_KEY_UIApplicationSupportsIndirectInputEvents[sdk=iphonesimulator*]" = YES;
				"INFOPLIST_KEY_UILaunchScreen_Generation[sdk=iphoneos*]" = YES;
				"INFOPLIST_KEY_UILaunchScreen_Generation[sdk=iphonesimulator*]" = YES;
				"INFOPLIST_KEY_UIStatusBarStyle[sdk=iphoneos*]" = UIStatusBarStyleDefault;
				"INFOPLIST_KEY_UIStatusBarStyle[sdk=iphonesimulator*]" = UIStatusBarStyleDefault;
				INFOPLIST_KEY_UISupportedInterfaceOrientations_iPad = "UIInterfaceOrientationPortrait UIInterfaceOrientationPortraitUpsideDown UIInterfaceOrientationLandscapeLeft UIInterfaceOrientationLandscapeRight";
				INFOPLIST_KEY_UISupportedInterfaceOrientations_iPhone = "UIInterfaceOrientationPortrait UIInterfaceOrientationLandscapeLeft UIInterfaceOrientationLandscapeRight";
				IPHONEOS_DEPLOYMENT_TARGET = 16.4;
				LD_RUNPATH_SEARCH_PATHS = "@executable_path/Frameworks";
				"LD_RUNPATH_SEARCH_PATHS[sdk=macosx*]" = "@executable_path/../Frameworks";
				MACOSX_DEPLOYMENT_TARGET = 13.2;
				MARKETING_VERSION = 1.0;
				PRODUCT_BUNDLE_IDENTIFIER = GrooveJones.ScannerReview;
				PRODUCT_NAME = "$(TARGET_NAME)";
				SDKROOT = auto;
				SUPPORTED_PLATFORMS = "iphoneos iphonesimulator macosx";
				SWIFT_EMIT_LOC_STRINGS = YES;
				SWIFT_VERSION = 5.0;
				TARGETED_DEVICE_FAMILY = "1,2";
			};
			name = Debug;
		};
		88E80E6129E1C3EE006941B5 /* Release */ = {
			isa = XCBuildConfiguration;
			buildSettings = {
				ASSETCATALOG_COMPILER_APPICON_NAME = AppIcon;
				ASSETCATALOG_COMPILER_GLOBAL_ACCENT_COLOR_NAME = AccentColor;
				CODE_SIGN_ENTITLEMENTS = ScannerReview/ScannerReview.entitlements;
				CODE_SIGN_STYLE = Automatic;
				CURRENT_PROJECT_VERSION = 1;
				DEVELOPMENT_ASSET_PATHS = "\"ScannerReview/Preview Content\"";
				DEVELOPMENT_TEAM = 42689RR46Q;
				ENABLE_HARDENED_RUNTIME = YES;
				ENABLE_PREVIEWS = YES;
				GENERATE_INFOPLIST_FILE = YES;
				"INFOPLIST_KEY_UIApplicationSceneManifest_Generation[sdk=iphoneos*]" = YES;
				"INFOPLIST_KEY_UIApplicationSceneManifest_Generation[sdk=iphonesimulator*]" = YES;
				"INFOPLIST_KEY_UIApplicationSupportsIndirectInputEvents[sdk=iphoneos*]" = YES;
				"INFOPLIST_KEY_UIApplicationSupportsIndirectInputEvents[sdk=iphonesimulator*]" = YES;
				"INFOPLIST_KEY_UILaunchScreen_Generation[sdk=iphoneos*]" = YES;
				"INFOPLIST_KEY_UILaunchScreen_Generation[sdk=iphonesimulator*]" = YES;
				"INFOPLIST_KEY_UIStatusBarStyle[sdk=iphoneos*]" = UIStatusBarStyleDefault;
				"INFOPLIST_KEY_UIStatusBarStyle[sdk=iphonesimulator*]" = UIStatusBarStyleDefault;
				INFOPLIST_KEY_UISupportedInterfaceOrientations_iPad = "UIInterfaceOrientationPortrait UIInterfaceOrientationPortraitUpsideDown UIInterfaceOrientationLandscapeLeft UIInterfaceOrientationLandscapeRight";
				INFOPLIST_KEY_UISupportedInterfaceOrientations_iPhone = "UIInterfaceOrientationPortrait UIInterfaceOrientationLandscapeLeft UIInterfaceOrientationLandscapeRight";
				IPHONEOS_DEPLOYMENT_TARGET = 16.4;
				LD_RUNPATH_SEARCH_PATHS = "@executable_path/Frameworks";
				"LD_RUNPATH_SEARCH_PATHS[sdk=macosx*]" = "@executable_path/../Frameworks";
				MACOSX_DEPLOYMENT_TARGET = 13.2;
				MARKETING_VERSION = 1.0;
				PRODUCT_BUNDLE_IDENTIFIER = GrooveJones.ScannerReview;
				PRODUCT_NAME = "$(TARGET_NAME)";
				SDKROOT = auto;
				SUPPORTED_PLATFORMS = "iphoneos iphonesimulator macosx";
				SWIFT_EMIT_LOC_STRINGS = YES;
				SWIFT_VERSION = 5.0;
				TARGETED_DEVICE_FAMILY = "1,2";
			};
			name = Release;
		};
		88E80E6329E1C3EE006941B5 /* Debug */ = {
			isa = XCBuildConfiguration;
			buildSettings = {
				ALWAYS_EMBED_SWIFT_STANDARD_LIBRARIES = YES;
				BUNDLE_LOADER = "$(TEST_HOST)";
				CODE_SIGN_STYLE = Automatic;
				CURRENT_PROJECT_VERSION = 1;
				DEVELOPMENT_TEAM = 42689RR46Q;
				GENERATE_INFOPLIST_FILE = YES;
				IPHONEOS_DEPLOYMENT_TARGET = 16.4;
				MACOSX_DEPLOYMENT_TARGET = 13.2;
				MARKETING_VERSION = 1.0;
				PRODUCT_BUNDLE_IDENTIFIER = GrooveJones.ScannerReviewTests;
				PRODUCT_NAME = "$(TARGET_NAME)";
				SDKROOT = auto;
				SUPPORTED_PLATFORMS = "iphoneos iphonesimulator macosx";
				SWIFT_EMIT_LOC_STRINGS = NO;
				SWIFT_VERSION = 5.0;
				TARGETED_DEVICE_FAMILY = "1,2";
				TEST_HOST = "$(BUILT_PRODUCTS_DIR)/ScannerReview.app/$(BUNDLE_EXECUTABLE_FOLDER_PATH)/ScannerReview";
			};
			name = Debug;
		};
		88E80E6429E1C3EE006941B5 /* Release */ = {
			isa = XCBuildConfiguration;
			buildSettings = {
				ALWAYS_EMBED_SWIFT_STANDARD_LIBRARIES = YES;
				BUNDLE_LOADER = "$(TEST_HOST)";
				CODE_SIGN_STYLE = Automatic;
				CURRENT_PROJECT_VERSION = 1;
				DEVELOPMENT_TEAM = 42689RR46Q;
				GENERATE_INFOPLIST_FILE = YES;
				IPHONEOS_DEPLOYMENT_TARGET = 16.4;
				MACOSX_DEPLOYMENT_TARGET = 13.2;
				MARKETING_VERSION = 1.0;
				PRODUCT_BUNDLE_IDENTIFIER = GrooveJones.ScannerReviewTests;
				PRODUCT_NAME = "$(TARGET_NAME)";
				SDKROOT = auto;
				SUPPORTED_PLATFORMS = "iphoneos iphonesimulator macosx";
				SWIFT_EMIT_LOC_STRINGS = NO;
				SWIFT_VERSION = 5.0;
				TARGETED_DEVICE_FAMILY = "1,2";
				TEST_HOST = "$(BUILT_PRODUCTS_DIR)/ScannerReview.app/$(BUNDLE_EXECUTABLE_FOLDER_PATH)/ScannerReview";
			};
			name = Release;
		};
		88E80E6629E1C3EE006941B5 /* Debug */ = {
			isa = XCBuildConfiguration;
			buildSettings = {
				ALWAYS_EMBED_SWIFT_STANDARD_LIBRARIES = YES;
				CODE_SIGN_STYLE = Automatic;
				CURRENT_PROJECT_VERSION = 1;
				DEVELOPMENT_TEAM = 42689RR46Q;
				GENERATE_INFOPLIST_FILE = YES;
				IPHONEOS_DEPLOYMENT_TARGET = 16.4;
				MACOSX_DEPLOYMENT_TARGET = 13.2;
				MARKETING_VERSION = 1.0;
				PRODUCT_BUNDLE_IDENTIFIER = GrooveJones.ScannerReviewUITests;
				PRODUCT_NAME = "$(TARGET_NAME)";
				SDKROOT = auto;
				SUPPORTED_PLATFORMS = "iphoneos iphonesimulator macosx";
				SWIFT_EMIT_LOC_STRINGS = NO;
				SWIFT_VERSION = 5.0;
				TARGETED_DEVICE_FAMILY = "1,2";
				TEST_TARGET_NAME = ScannerReview;
			};
			name = Debug;
		};
		88E80E6729E1C3EE006941B5 /* Release */ = {
			isa = XCBuildConfiguration;
			buildSettings = {
				ALWAYS_EMBED_SWIFT_STANDARD_LIBRARIES = YES;
				CODE_SIGN_STYLE = Automatic;
				CURRENT_PROJECT_VERSION = 1;
				DEVELOPMENT_TEAM = 42689RR46Q;
				GENERATE_INFOPLIST_FILE = YES;
				IPHONEOS_DEPLOYMENT_TARGET = 16.4;
				MACOSX_DEPLOYMENT_TARGET = 13.2;
				MARKETING_VERSION = 1.0;
				PRODUCT_BUNDLE_IDENTIFIER = GrooveJones.ScannerReviewUITests;
				PRODUCT_NAME = "$(TARGET_NAME)";
				SDKROOT = auto;
				SUPPORTED_PLATFORMS = "iphoneos iphonesimulator macosx";
				SWIFT_EMIT_LOC_STRINGS = NO;
				SWIFT_VERSION = 5.0;
				TARGETED_DEVICE_FAMILY = "1,2";
				TEST_TARGET_NAME = ScannerReview;
			};
			name = Release;
		};
/* End XCBuildConfiguration section */

/* Begin XCConfigurationList section */
		88E80E3529E1C3ED006941B5 /* Build configuration list for PBXProject "ScannerReview" */ = {
			isa = XCConfigurationList;
			buildConfigurations = (
				88E80E5D29E1C3EE006941B5 /* Debug */,
				88E80E5E29E1C3EE006941B5 /* Release */,
			);
			defaultConfigurationIsVisible = 0;
			defaultConfigurationName = Release;
		};
		88E80E5F29E1C3EE006941B5 /* Build configuration list for PBXNativeTarget "ScannerReview" */ = {
			isa = XCConfigurationList;
			buildConfigurations = (
				88E80E6029E1C3EE006941B5 /* Debug */,
				88E80E6129E1C3EE006941B5 /* Release */,
			);
			defaultConfigurationIsVisible = 0;
			defaultConfigurationName = Release;
		};
		88E80E6229E1C3EE006941B5 /* Build configuration list for PBXNativeTarget "ScannerReviewTests" */ = {
			isa = XCConfigurationList;
			buildConfigurations = (
				88E80E6329E1C3EE006941B5 /* Debug */,
				88E80E6429E1C3EE006941B5 /* Release */,
			);
			defaultConfigurationIsVisible = 0;
			defaultConfigurationName = Release;
		};
		88E80E6529E1C3EE006941B5 /* Build configuration list for PBXNativeTarget "ScannerReviewUITests" */ = {
			isa = XCConfigurationList;
			buildConfigurations = (
				88E80E6629E1C3EE006941B5 /* Debug */,
				88E80E6729E1C3EE006941B5 /* Release */,
			);
			defaultConfigurationIsVisible = 0;
			defaultConfigurationName = Release;
		};
/* End XCConfigurationList section */
	};
	rootObject = 88E80E3229E1C3ED006941B5 /* Project object */;
}
